tapstate_commit=f65260270fb269047f58cba53288dbfa91840ec5
dsl_version=tapstate/v1
schema_sha256=7fb7613b8da4b7757d4907e0e0d16ccf7baae3fcc3469492aff1ed98b1d902a7
cli_version=0.1.0
cli_linux_x64_sha256=1ff1cb12e9d4b95e3153dff21bc23843f4829f17f572a59b46ec4518d20dc94b
charset_commit=96b59d355be325d9334d8a6c0c7af7ad9b3a7602
no_cjk_sha256=e7092f918ba169981697e56ed05be528029500cd5d5854fd84f5879fbe9ebfbc
charset_allowlist_sha256=7c00f022aae813894efedde9d2f7fcffd28e4dbbdb6921b12ddb083c8534e0d3
